// !$*UTF8*$!
{
	archiveVersion = 1;
	classes = {
	};
	objectVersion = 50;
	objects = {

/* Begin PBXBuildFile section */
		B20594BA8EFE59F00CCEF934 /* libPods-TravelingMemo.a in Frameworks */ = {isa = PBXBuildFile; fileRef = 7BC096372B0BBDC87524DD39 /* libPods-TravelingMemo.a */; };
		FC1D2929208849E60046845A /* CollectionViewCell.swift in Sources */ = {isa = PBXBuildFile; fileRef = FC1D2928208849E60046845A /* CollectionViewCell.swift */; };
		FC2690812085A39300F1BF69 /* AppDelegate.swift in Sources */ = {isa = PBXBuildFile; fileRef = FC2690802085A39300F1BF69 /* AppDelegate.swift */; };
		FC2690832085A39300F1BF69 /* ViewController.swift in Sources */ = {isa = PBXBuildFile; fileRef = FC2690822085A39300F1BF69 /* ViewController.swift */; };
		FC2690862085A39400F1BF69 /* Main.storyboard in Resources */ = {isa = PBXBuildFile; fileRef = FC2690842085A39400F1BF69 /* Main.storyboard */; };
		FC2690882085A39900F1BF69 /* Assets.xcassets in Resources */ = {isa = PBXBuildFile; fileRef = FC2690872085A39900F1BF69 /* Assets.xcassets */; };
		FC26908B2085A39900F1BF69 /* LaunchScreen.storyboard in Resources */ = {isa = PBXBuildFile; fileRef = FC2690892085A39900F1BF69 /* LaunchScreen.storyboard */; };
		FC2690962085A39900F1BF69 /* TravelingMemoTests.swift in Sources */ = {isa = PBXBuildFile; fileRef = FC2690952085A39900F1BF69 /* TravelingMemoTests.swift */; };
		FC2690A12085A39900F1BF69 /* TravelingMemoUITests.swift in Sources */ = {isa = PBXBuildFile; fileRef = FC2690A02085A39900F1BF69 /* TravelingMemoUITests.swift */; };
		FC8ED4BD20872F5100DCF556 /* PanoViewController.swift in Sources */ = {isa = PBXBuildFile; fileRef = FC8ED4BC20872F5100DCF556 /* PanoViewController.swift */; };
/* End PBXBuildFile section */

/* Begin PBXContainerItemProxy section */
		FC2690922085A39900F1BF69 /* PBXContainerItemProxy */ = {
			isa = PBXContainerItemProxy;
			containerPortal = FC2690752085A39300F1BF69 /* Project object */;
			proxyType = 1;
			remoteGlobalIDString = FC26907C2085A39300F1BF69;
			remoteInfo = TravelingMemo;
		};
		FC26909D2085A39900F1BF69 /* PBXContainerItemProxy */ = {
			isa = PBXContainerItemProxy;
			containerPortal = FC2690752085A39300F1BF69 /* Project object */;
			proxyType = 1;
			remoteGlobalIDString = FC26907C2085A39300F1BF69;
			remoteInfo = TravelingMemo;
		};
/* End PBXContainerItemProxy section */

/* Begin PBXFileReference section */
		635313802E08F17167CC7466 /* Pods-TravelingMemo.release.xcconfig */ = {isa = PBXFileReference; includeInIndex = 1; lastKnownFileType = text.xcconfig; name = "Pods-TravelingMemo.release.xcconfig"; path = "Pods/Target Support Files/Pods-TravelingMemo/Pods-TravelingMemo.release.xcconfig"; sourceTree = "<group>"; };
		7BC096372B0BBDC87524DD39 /* libPods-TravelingMemo.a */ = {isa = PBXFileReference; explicitFileType = archive.ar; includeInIndex = 0; path = "libPods-TravelingMemo.a"; sourceTree = BUILT_PRODUCTS_DIR; };
		D55158F242C06DB19C1CFB99 /* Pods-TravelingMemo.debug.xcconfig */ = {isa = PBXFileReference; includeInIndex = 1; lastKnownFileType = text.xcconfig; name = "Pods-TravelingMemo.debug.xcconfig"; path = "Pods/Target Support Files/Pods-TravelingMemo/Pods-TravelingMemo.debug.xcconfig"; sourceTree = "<group>"; };
		FC1D2928208849E60046845A /* CollectionViewCell.swift */ = {isa = PBXFileReference; lastKnownFileType = sourcecode.swift; path = CollectionViewCell.swift; sourceTree = "<group>"; };
		FC26907D2085A39300F1BF69 /* TravelingMemo.app */ = {isa = PBXFileReference; explicitFileType = wrapper.application; includeInIndex = 0; path = TravelingMemo.app; sourceTree = BUILT_PRODUCTS_DIR; };
		FC2690802085A39300F1BF69 /* AppDelegate.swift */ = {isa = PBXFileReference; lastKnownFileType = sourcecode.swift; path = AppDelegate.swift; sourceTree = "<group>"; };
		FC2690822085A39300F1BF69 /* ViewController.swift */ = {isa = PBXFileReference; lastKnownFileType = sourcecode.swift; path = ViewController.swift; sourceTree = "<group>"; };
		FC2690852085A39400F1BF69 /* Base */ = {isa = PBXFileReference; lastKnownFileType = file.storyboard; name = Base; path = Base.lproj/Main.storyboard; sourceTree = "<group>"; };
		FC2690872085A39900F1BF69 /* Assets.xcassets */ = {isa = PBXFileReference; lastKnownFileType = folder.assetcatalog; path = Assets.xcassets; sourceTree = "<group>"; };
		FC26908A2085A39900F1BF69 /* Base */ = {isa = PBXFileReference; lastKnownFileType = file.storyboard; name = Base; path = Base.lproj/LaunchScreen.storyboard; sourceTree = "<group>"; };
		FC26908C2085A39900F1BF69 /* Info.plist */ = {isa = PBXFileReference; lastKnownFileType = text.plist.xml; path = Info.plist; sourceTree = "<group>"; };
		FC2690912085A39900F1BF69 /* TravelingMemoTests.xctest */ = {isa = PBXFileReference; explicitFileType = wrapper.cfbundle; includeInIndex = 0; path = TravelingMemoTests.xctest; sourceTree = BUILT_PRODUCTS_DIR; };
		FC2690952085A39900F1BF69 /* TravelingMemoTests.swift */ = {isa = PBXFileReference; lastKnownFileType = sourcecode.swift; path = TravelingMemoTests.swift; sourceTree = "<group>"; };
		FC2690972085A39900F1BF69 /* Info.plist */ = {isa = PBXFileReference; lastKnownFileType = text.plist.xml; path = Info.plist; sourceTree = "<group>"; };
		FC26909C2085A39900F1BF69 /* TravelingMemoUITests.xctest */ = {isa = PBXFileReference; explicitFileType = wrapper.cfbundle; includeInIndex = 0; path = TravelingMemoUITests.xctest; sourceTree = BUILT_PRODUCTS_DIR; };
		FC2690A02085A39900F1BF69 /* TravelingMemoUITests.swift */ = {isa = PBXFileReference; lastKnownFileType = sourcecode.swift; path = TravelingMemoUITests.swift; sourceTree = "<group>"; };
		FC2690A22085A39900F1BF69 /* Info.plist */ = {isa = PBXFileReference; lastKnownFileType = text.plist.xml; path = Info.plist; sourceTree = "<group>"; };
		FC8ED4BC20872F5100DCF556 /* PanoViewController.swift */ = {isa = PBXFileReference; lastKnownFileType = sourcecode.swift; path = PanoViewController.swift; sourceTree = "<group>"; };
/* End PBXFileReference section */

/* Begin PBXFrameworksBuildPhase section */
		FC26907A2085A39300F1BF69 /* Frameworks */ = {
			isa = PBXFrameworksBuildPhase;
			buildActionMask = 2147483647;
			files = (
				B20594BA8EFE59F00CCEF934 /* libPods-TravelingMemo.a in Frameworks */,
			);
			runOnlyForDeploymentPostprocessing = 0;
		};
		FC26908E2085A39900F1BF69 /* Frameworks */ = {
			isa = PBXFrameworksBuildPhase;
			buildActionMask = 2147483647;
			files = (
			);
			runOnlyForDeploymentPostprocessing = 0;
		};
		FC2690992085A39900F1BF69 /* Frameworks */ = {
			isa = PBXFrameworksBuildPhase;
			buildActionMask = 2147483647;
			files = (
			);
			runOnlyForDeploymentPostprocessing = 0;
		};
/* End PBXFrameworksBuildPhase section */

/* Begin PBXGroup section */
		6E5B753C7A057B1788E2A85D /* Pods */ = {
			isa = PBXGroup;
			children = (
				D55158F242C06DB19C1CFB99 /* Pods-TravelingMemo.debug.xcconfig */,
				635313802E08F17167CC7466 /* Pods-TravelingMemo.release.xcconfig */,
			);
			name = Pods;
			sourceTree = "<group>";
		};
		81554E4B71059AE0D3E1D5F2 /* Frameworks */ = {
			isa = PBXGroup;
			children = (
				7BC096372B0BBDC87524DD39 /* libPods-TravelingMemo.a */,
			);
			name = Frameworks;
			sourceTree = "<group>";
		};
		FC2690742085A39300F1BF69 = {
			isa = PBXGroup;
			children = (
				FC26907F2085A39300F1BF69 /* TravelingMemo */,
				FC2690942085A39900F1BF69 /* TravelingMemoTests */,
				FC26909F2085A39900F1BF69 /* TravelingMemoUITests */,
				FC26907E2085A39300F1BF69 /* Products */,
				6E5B753C7A057B1788E2A85D /* Pods */,
				81554E4B71059AE0D3E1D5F2 /* Frameworks */,
			);
			sourceTree = "<group>";
		};
		FC26907E2085A39300F1BF69 /* Products */ = {
			isa = PBXGroup;
			children = (
				FC26907D2085A39300F1BF69 /* TravelingMemo.app */,
				FC2690912085A39900F1BF69 /* TravelingMemoTests.xctest */,
				FC26909C2085A39900F1BF69 /* TravelingMemoUITests.xctest */,
			);
			name = Products;
			sourceTree = "<group>";
		};
		FC26907F2085A39300F1BF69 /* TravelingMemo */ = {
			isa = PBXGroup;
			children = (
				FC2690802085A39300F1BF69 /* AppDelegate.swift */,
				FC2690822085A39300F1BF69 /* ViewController.swift */,
				FC8ED4BC20872F5100DCF556 /* PanoViewController.swift */,
				FC1D2928208849E60046845A /* CollectionViewCell.swift */,
				FC2690842085A39400F1BF69 /* Main.storyboard */,
				FC2690872085A39900F1BF69 /* Assets.xcassets */,
				FC2690892085A39900F1BF69 /* LaunchScreen.storyboard */,
				FC26908C2085A39900F1BF69 /* Info.plist */,
			);
			path = TravelingMemo;
			sourceTree = "<group>";
		};
		FC2690942085A39900F1BF69 /* TravelingMemoTests */ = {
			isa = PBXGroup;
			children = (
				FC2690952085A39900F1BF69 /* TravelingMemoTests.swift */,
				FC2690972085A39900F1BF69 /* Info.plist */,
			);
			path = TravelingMemoTests;
			sourceTree = "<group>";
		};
		FC26909F2085A39900F1BF69 /* TravelingMemoUITests */ = {
			isa = PBXGroup;
			children = (
				FC2690A02085A39900F1BF69 /* TravelingMemoUITests.swift */,
				FC2690A22085A39900F1BF69 /* Info.plist */,
			);
			path = TravelingMemoUITests;
			sourceTree = "<group>";
		};
/* End PBXGroup section */

/* Begin PBXNativeTarget section */
		FC26907C2085A39300F1BF69 /* TravelingMemo */ = {
			isa = PBXNativeTarget;
			buildConfigurationList = FC2690A52085A39900F1BF69 /* Build configuration list for PBXNativeTarget "TravelingMemo" */;
			buildPhases = (
				71C94092415776D1F83975B7 /* [CP] Check Pods Manifest.lock */,
				FC2690792085A39300F1BF69 /* Sources */,
				FC26907A2085A39300F1BF69 /* Frameworks */,
				FC26907B2085A39300F1BF69 /* Resources */,
				1F6E64C0AE133EC2AE19FBB1 /* [CP] Copy Pods Resources */,
			);
			buildRules = (
			);
			dependencies = (
			);
			name = TravelingMemo;
			productName = TravelingMemo;
			productReference = FC26907D2085A39300F1BF69 /* TravelingMemo.app */;
			productType = "com.apple.product-type.application";
		};
		FC2690902085A39900F1BF69 /* TravelingMemoTests */ = {
			isa = PBXNativeTarget;
			buildConfigurationList = FC2690A82085A39900F1BF69 /* Build configuration list for PBXNativeTarget "TravelingMemoTests" */;
			buildPhases = (
				FC26908D2085A39900F1BF69 /* Sources */,
				FC26908E2085A39900F1BF69 /* Frameworks */,
				FC26908F2085A39900F1BF69 /* Resources */,
			);
			buildRules = (
			);
			dependencies = (
				FC2690932085A39900F1BF69 /* PBXTargetDependency */,
			);
			name = TravelingMemoTests;
			productName = TravelingMemoTests;
			productReference = FC2690912085A39900F1BF69 /* TravelingMemoTests.xctest */;
			productType = "com.apple.product-type.bundle.unit-test";
		};
		FC26909B2085A39900F1BF69 /* TravelingMemoUITests */ = {
			isa = PBXNativeTarget;
			buildConfigurationList = FC2690AB2085A39900F1BF69 /* Build configuration list for PBXNativeTarget "TravelingMemoUITests" */;
			buildPhases = (
				FC2690982085A39900F1BF69 /* Sources */,
				FC2690992085A39900F1BF69 /* Frameworks */,
				FC26909A2085A39900F1BF69 /* Resources */,
			);
			buildRules = (
			);
			dependencies = (
				FC26909E2085A39900F1BF69 /* PBXTargetDependency */,
			);
			name = TravelingMemoUITests;
			productName = TravelingMemoUITests;
			productReference = FC26909C2085A39900F1BF69 /* TravelingMemoUITests.xctest */;
			productType = "com.apple.product-type.bundle.ui-testing";
		};
/* End PBXNativeTarget section */

/* Begin PBXProject section */
		FC2690752085A39300F1BF69 /* Project object */ = {
			isa = PBXProject;
			attributes = {
				LastSwiftUpdateCheck = 0930;
				LastUpgradeCheck = 0930;
				ORGANIZATIONNAME = "創意遊玩";
				TargetAttributes = {
					FC26907C2085A39300F1BF69 = {
						CreatedOnToolsVersion = 9.3;
					};
					FC2690902085A39900F1BF69 = {
						CreatedOnToolsVersion = 9.3;
						TestTargetID = FC26907C2085A39300F1BF69;
					};
					FC26909B2085A39900F1BF69 = {
						CreatedOnToolsVersion = 9.3;
						TestTargetID = FC26907C2085A39300F1BF69;
					};
				};
			};
			buildConfigurationList = FC2690782085A39300F1BF69 /* Build configuration list for PBXProject "TravelingMemo" */;
			compatibilityVersion = "Xcode 9.3";
			developmentRegion = en;
			hasScannedForEncodings = 0;
			knownRegions = (
				en,
				Base,
			);
			mainGroup = FC2690742085A39300F1BF69;
			productRefGroup = FC26907E2085A39300F1BF69 /* Products */;
			projectDirPath = "";
			projectRoot = "";
			targets = (
				FC26907C2085A39300F1BF69 /* TravelingMemo */,
				FC2690902085A39900F1BF69 /* TravelingMemoTests */,
				FC26909B2085A39900F1BF69 /* TravelingMemoUITests */,
			);
		};
/* End PBXProject section */

/* Begin PBXResourcesBuildPhase section */
		FC26907B2085A39300F1BF69 /* Resources */ = {
			isa = PBXResourcesBuildPhase;
			buildActionMask = 2147483647;
			files = (
				FC26908B2085A39900F1BF69 /* LaunchScreen.storyboard in Resources */,
				FC2690882085A39900F1BF69 /* Assets.xcassets in Resources */,
				FC2690862085A39400F1BF69 /* Main.storyboard in Resources */,
			);
			runOnlyForDeploymentPostprocessing = 0;
		};
		FC26908F2085A39900F1BF69 /* Resources */ = {
			isa = PBXResourcesBuildPhase;
			buildActionMask = 2147483647;
			files = (
			);
			runOnlyForDeploymentPostprocessing = 0;
		};
		FC26909A2085A39900F1BF69 /* Resources */ = {
			isa = PBXResourcesBuildPhase;
			buildActionMask = 2147483647;
			files = (
			);
			runOnlyForDeploymentPostprocessing = 0;
		};
/* End PBXResourcesBuildPhase section */

/* Begin PBXShellScriptBuildPhase section */
		1F6E64C0AE133EC2AE19FBB1 /* [CP] Copy Pods Resources */ = {
			isa = PBXShellScriptBuildPhase;
			buildActionMask = 2147483647;
			files = (
			);
			inputPaths = (
				"${SRCROOT}/Pods/Target Support Files/Pods-TravelingMemo/Pods-TravelingMemo-resources.sh",
				"${PODS_ROOT}/GoogleMaps/Maps/Frameworks/GoogleMaps.framework/Resources/GoogleMaps.bundle",
				"${PODS_ROOT}/GooglePlaces/Frameworks/GooglePlaces.framework/Resources/GooglePlaces.bundle",
			);
			name = "[CP] Copy Pods Resources";
			outputPaths = (
				"${TARGET_BUILD_DIR}/${UNLOCALIZED_RESOURCES_FOLDER_PATH}/GoogleMaps.bundle",
				"${TARGET_BUILD_DIR}/${UNLOCALIZED_RESOURCES_FOLDER_PATH}/GooglePlaces.bundle",
			);
			runOnlyForDeploymentPostprocessing = 0;
			shellPath = /bin/sh;
			shellScript = "\"${SRCROOT}/Pods/Target Support Files/Pods-TravelingMemo/Pods-TravelingMemo-resources.sh\"\n";
			showEnvVarsInLog = 0;
		};
		71C94092415776D1F83975B7 /* [CP] Check Pods Manifest.lock */ = {
			isa = PBXShellScriptBuildPhase;
			buildActionMask = 2147483647;
			files = (
			);
			inputPaths = (
				"${PODS_PODFILE_DIR_PATH}/Podfile.lock",
				"${PODS_ROOT}/Manifest.lock",
			);
			name = "[CP] Check Pods Manifest.lock";
			outputPaths = (
				"$(DERIVED_FILE_DIR)/Pods-TravelingMemo-checkManifestLockResult.txt",
			);
			runOnlyForDeploymentPostprocessing = 0;
			shellPath = /bin/sh;
			shellScript = "diff \"${PODS_PODFILE_DIR_PATH}/Podfile.lock\" \"${PODS_ROOT}/Manifest.lock\" > /dev/null\nif [ $? != 0 ] ; then\n    # print error to STDERR\n    echo \"error: The sandbox is not in sync with the Podfile.lock. Run 'pod install' or update your CocoaPods installation.\" >&2\n    exit 1\nfi\n# This output is used by Xcode 'outputs' to avoid re-running this script phase.\necho \"SUCCESS\" > \"${SCRIPT_OUTPUT_FILE_0}\"\n";
			showEnvVarsInLog = 0;
		};
/* End PBXShellScriptBuildPhase section */

/* Begin PBXSourcesBuildPhase section */
		FC2690792085A39300F1BF69 /* Sources */ = {
			isa = PBXSourcesBuildPhase;
			buildActionMask = 2147483647;
			files = (
				FC2690832085A39300F1BF69 /* ViewController.swift in Sources */,
				FC2690812085A39300F1BF69 /* AppDelegate.swift in Sources */,
				FC1D2929208849E60046845A /* CollectionViewCell.swift in Sources */,
				FC8ED4BD20872F5100DCF556 /* PanoViewController.swift in Sources */,
			);
			runOnlyForDeploymentPostprocessing = 0;
		};
		FC26908D2085A39900F1BF69 /* Sources */ = {
			isa = PBXSourcesBuildPhase;
			buildActionMask = 2147483647;
			files = (
				FC2690962085A39900F1BF69 /* TravelingMemoTests.swift in Sources */,
			);
			runOnlyForDeploymentPostprocessing = 0;
		};
		FC2690982085A39900F1BF69 /* Sources */ = {
			isa = PBXSourcesBuildPhase;
			buildActionMask = 2147483647;
			files = (
				FC2690A12085A39900F1BF69 /* TravelingMemoUITests.swift in Sources */,
			);
			runOnlyForDeploymentPostprocessing = 0;
		};
/* End PBXSourcesBuildPhase section */

/* Begin PBXTargetDependency section */
		FC2690932085A39900F1BF69 /* PBXTargetDependency */ = {
			isa = PBXTargetDependency;
			target = FC26907C2085A39300F1BF69 /* TravelingMemo */;
			targetProxy = FC2690922085A39900F1BF69 /* PBXContainerItemProxy */;
		};
		FC26909E2085A39900F1BF69 /* PBXTargetDependency */ = {
			isa = PBXTargetDependency;
			target = FC26907C2085A39300F1BF69 /* TravelingMemo */;
			targetProxy = FC26909D2085A39900F1BF69 /* PBXContainerItemProxy */;
		};
/* End PBXTargetDependency section */

/* Begin PBXVariantGroup section */
		FC2690842085A39400F1BF69 /* Main.storyboard */ = {
			isa = PBXVariantGroup;
			children = (
				FC2690852085A39400F1BF69 /* Base */,
			);
			name = Main.storyboard;
			sourceTree = "<group>";
		};
		FC2690892085A39900F1BF69 /* LaunchScreen.storyboard */ = {
			isa = PBXVariantGroup;
			children = (
				FC26908A2085A39900F1BF69 /* Base */,
			);
			name = LaunchScreen.storyboard;
			sourceTree = "<group>";
		};
/* End PBXVariantGroup section */

/* Begin XCBuildConfiguration section */
		FC2690A32085A39900F1BF69 /* Debug */ = {
			isa = XCBuildConfiguration;
			buildSettings = {
				ALWAYS_SEARCH_USER_PATHS = NO;
				CLANG_ANALYZER_NONNULL = YES;
				CLANG_ANALYZER_NUMBER_OBJECT_CONVERSION = YES_AGGRESSIVE;
				CLANG_CXX_LANGUAGE_STANDARD = "gnu++14";
				CLANG_CXX_LIBRARY = "libc++";
				CLANG_ENABLE_MODULES = YES;
				CLANG_ENABLE_OBJC_ARC = YES;
				CLANG_ENABLE_OBJC_WEAK = YES;
				CLANG_WARN_BLOCK_CAPTURE_AUTORELEASING = YES;
				CLANG_WARN_BOOL_CONVERSION = YES;
				CLANG_WARN_COMMA = YES;
				CLANG_WARN_CONSTANT_CONVERSION = YES;
				CLANG_WARN_DEPRECATED_OBJC_IMPLEMENTATIONS = YES;
				CLANG_WARN_DIRECT_OBJC_ISA_USAGE = YES_ERROR;
				CLANG_WARN_DOCUMENTATION_COMMENTS = YES;
				CLANG_WARN_EMPTY_BODY = YES;
				CLANG_WARN_ENUM_CONVERSION = YES;
				CLANG_WARN_INFINITE_RECURSION = YES;
				CLANG_WARN_INT_CONVERSION = YES;
				CLANG_WARN_NON_LITERAL_NULL_CONVERSION = YES;
				CLANG_WARN_OBJC_IMPLICIT_RETAIN_SELF = YES;
				CLANG_WARN_OBJC_LITERAL_CONVERSION = YES;
				CLANG_WARN_OBJC_ROOT_CLASS = YES_ERROR;
				CLANG_WARN_RANGE_LOOP_ANALYSIS = YES;
				CLANG_WARN_STRICT_PROTOTYPES = YES;
				CLANG_WARN_SUSPICIOUS_MOVE = YES;
				CLANG_WARN_UNGUARDED_AVAILABILITY = YES_AGGRESSIVE;
				CLANG_WARN_UNREACHABLE_CODE = YES;
				CLANG_WARN__DUPLICATE_METHOD_MATCH = YES;
				CODE_SIGN_IDENTITY = "iPhone Developer";
				COPY_PHASE_STRIP = NO;
				DEBUG_INFORMATION_FORMAT = dwarf;
				ENABLE_STRICT_OBJC_MSGSEND = YES;
				ENABLE_TESTABILITY = YES;
				GCC_C_LANGUAGE_STANDARD = gnu11;
				GCC_DYNAMIC_NO_PIC = NO;
				GCC_NO_COMMON_BLOCKS = YES;
				GCC_OPTIMIZATION_LEVEL = 0;
				GCC_PREPROCESSOR_DEFINITIONS = (
					"DEBUG=1",
					"$(inherited)",
				);
				GCC_WARN_64_TO_32_BIT_CONVERSION = YES;
				GCC_WARN_ABOUT_RETURN_TYPE = YES_ERROR;
				GCC_WARN_UNDECLARED_SELECTOR = YES;
				GCC_WARN_UNINITIALIZED_AUTOS = YES_AGGRESSIVE;
				GCC_WARN_UNUSED_FUNCTION = YES;
				GCC_WARN_UNUSED_VARIABLE = YES;
				IPHONEOS_DEPLOYMENT_TARGET = 11.3;
				MTL_ENABLE_DEBUG_INFO = YES;
				ONLY_ACTIVE_ARCH = YES;
				SDKROOT = iphoneos;
				SWIFT_ACTIVE_COMPILATION_CONDITIONS = DEBUG;
				SWIFT_OPTIMIZATION_LEVEL = "-Onone";
			};
			name = Debug;
		};
		FC2690A42085A39900F1BF69 /* Release */ = {
			isa = XCBuildConfiguration;
			buildSettings = {
				ALWAYS_SEARCH_USER_PATHS = NO;
				CLANG_ANALYZER_NONNULL = YES;
				CLANG_ANALYZER_NUMBER_OBJECT_CONVERSION = YES_AGGRESSIVE;
				CLANG_CXX_LANGUAGE_STANDARD = "gnu++14";
				CLANG_CXX_LIBRARY = "libc++";
				CLANG_ENABLE_MODULES = YES;
				CLANG_ENABLE_OBJC_ARC = YES;
				CLANG_ENABLE_OBJC_WEAK = YES;
				CLANG_WARN_BLOCK_CAPTURE_AUTORELEASING = YES;
				CLANG_WARN_BOOL_CONVERSION = YES;
				CLANG_WARN_COMMA = YES;
				CLANG_WARN_CONSTANT_CONVERSION = YES;
				CLANG_WARN_DEPRECATED_OBJC_IMPLEMENTATIONS = YES;
				CLANG_WARN_DIRECT_OBJC_ISA_USAGE = YES_ERROR;
				CLANG_WARN_DOCUMENTATION_COMMENTS = YES;
				CLANG_WARN_EMPTY_BODY = YES;
				CLANG_WARN_ENUM_CONVERSION = YES;
				CLANG_WARN_INFINITE_RECURSION = YES;
				CLANG_WARN_INT_CONVERSION = YES;
				CLANG_WARN_NON_LITERAL_NULL_CONVERSION = YES;
				CLANG_WARN_OBJC_IMPLICIT_RETAIN_SELF = YES;
				CLANG_WARN_OBJC_LITERAL_CONVERSION = YES;
				CLANG_WARN_OBJC_ROOT_CLASS = YES_ERROR;
				CLANG_WARN_RANGE_LOOP_ANALYSIS = YES;
				CLANG_WARN_STRICT_PROTOTYPES = YES;
				CLANG_WARN_SUSPICIOUS_MOVE = YES;
				CLANG_WARN_UNGUARDED_AVAILABILITY = YES_AGGRESSIVE;
				CLANG_WARN_UNREACHABLE_CODE = YES;
				CLANG_WARN__DUPLICATE_METHOD_MATCH = YES;
				CODE_SIGN_IDENTITY = "iPhone Developer";
				COPY_PHASE_STRIP = NO;
				DEBUG_INFORMATION_FORMAT = "dwarf-with-dsym";
				ENABLE_NS_ASSERTIONS = NO;
				ENABLE_STRICT_OBJC_MSGSEND = YES;
				GCC_C_LANGUAGE_STANDARD = gnu11;
				GCC_NO_COMMON_BLOCKS = YES;
				GCC_WARN_64_TO_32_BIT_CONVERSION = YES;
				GCC_WARN_ABOUT_RETURN_TYPE = YES_ERROR;
				GCC_WARN_UNDECLARED_SELECTOR = YES;
				GCC_WARN_UNINITIALIZED_AUTOS = YES_AGGRESSIVE;
				GCC_WARN_UNUSED_FUNCTION = YES;
				GCC_WARN_UNUSED_VARIABLE = YES;
				IPHONEOS_DEPLOYMENT_TARGET = 11.3;
				MTL_ENABLE_DEBUG_INFO = NO;
				SDKROOT = iphoneos;
				SWIFT_COMPILATION_MODE = wholemodule;
				SWIFT_OPTIMIZATION_LEVEL = "-O";
				VALIDATE_PRODUCT = YES;
			};
			name = Release;
		};
		FC2690A62085A39900F1BF69 /* Debug */ = {
			isa = XCBuildConfiguration;
			baseConfigurationReference = D55158F242C06DB19C1CFB99 /* Pods-TravelingMemo.debug.xcconfig */;
			buildSettings = {
				ASSETCATALOG_COMPILER_APPICON_NAME = AppIcon;
				CODE_SIGN_STYLE = Automatic;
				INFOPLIST_FILE = TravelingMemo/Info.plist;
				LD_RUNPATH_SEARCH_PATHS = (
					"$(inherited)",
					"@executable_path/Frameworks",
				);
				PRODUCT_BUNDLE_IDENTIFIER = com.travelingkp.TravelingMemo;
				PRODUCT_NAME = "$(TARGET_NAME)";
				SWIFT_VERSION = 4.0;
				TARGETED_DEVICE_FAMILY = "1,2";
			};
			name = Debug;
		};
		FC2690A72085A39900F1BF69 /* Release */ = {
			isa = XCBuildConfiguration;
			baseConfigurationReference = 635313802E08F17167CC7466 /* Pods-TravelingMemo.release.xcconfig */;
			buildSettings = {
				ASSETCATALOG_COMPILER_APPICON_NAME = AppIcon;
				CODE_SIGN_STYLE = Automatic;
				INFOPLIST_FILE = TravelingMemo/Info.plist;
				LD_RUNPATH_SEARCH_PATHS = (
					"$(inherited)",
					"@executable_path/Frameworks",
				);
				PRODUCT_BUNDLE_IDENTIFIER = com.travelingkp.TravelingMemo;
				PRODUCT_NAME = "$(TARGET_NAME)";
				SWIFT_VERSION = 4.0;
				TARGETED_DEVICE_FAMILY = "1,2";
			};
			name = Release;
		};
		FC2690A92085A39900F1BF69 /* Debug */ = {
			isa = XCBuildConfiguration;
			buildSettings = {
				ALWAYS_EMBED_SWIFT_STANDARD_LIBRARIES = YES;
				BUNDLE_LOADER = "$(TEST_HOST)";
				CODE_SIGN_STYLE = Automatic;
				INFOPLIST_FILE = TravelingMemoTests/Info.plist;
				LD_RUNPATH_SEARCH_PATHS = (
					"$(inherited)",
					"@executable_path/Frameworks",
					"@loader_path/Frameworks",
				);
				PRODUCT_BUNDLE_IDENTIFIER = com.travelingkp.TravelingMemoTests;
				PRODUCT_NAME = "$(TARGET_NAME)";
				SWIFT_VERSION = 4.0;
				TARGETED_DEVICE_FAMILY = "1,2";
				TEST_HOST = "$(BUILT_PRODUCTS_DIR)/TravelingMemo.app/TravelingMemo";
			};
			name = Debug;
		};
		FC2690AA2085A39900F1BF69 /* Release */ = {
			isa = XCBuildConfiguration;
			buildSettings = {
				ALWAYS_EMBED_SWIFT_STANDARD_LIBRARIES = YES;
				BUNDLE_LOADER = "$(TEST_HOST)";
				CODE_SIGN_STYLE = Automatic;
				INFOPLIST_FILE = TravelingMemoTests/Info.plist;
				LD_RUNPATH_SEARCH_PATHS = (
					"$(inherited)",
					"@executable_path/Frameworks",
					"@loader_path/Frameworks",
				);
				PRODUCT_BUNDLE_IDENTIFIER = com.travelingkp.TravelingMemoTests;
				PRODUCT_NAME = "$(TARGET_NAME)";
				SWIFT_VERSION = 4.0;
				TARGETED_DEVICE_FAMILY = "1,2";
				TEST_HOST = "$(BUILT_PRODUCTS_DIR)/TravelingMemo.app/TravelingMemo";
			};
			name = Release;
		};
		FC2690AC2085A39900F1BF69 /* Debug */ = {
			isa = XCBuildConfiguration;
			buildSettings = {
				ALWAYS_EMBED_SWIFT_STANDARD_LIBRARIES = YES;
				CODE_SIGN_STYLE = Automatic;
				INFOPLIST_FILE = TravelingMemoUITests/Info.plist;
				LD_RUNPATH_SEARCH_PATHS = (
					"$(inherited)",
					"@executable_path/Frameworks",
					"@loader_path/Frameworks",
				);
				PRODUCT_BUNDLE_IDENTIFIER = com.travelingkp.TravelingMemoUITests;
				PRODUCT_NAME = "$(TARGET_NAME)";
				SWIFT_VERSION = 4.0;
				TARGETED_DEVICE_FAMILY = "1,2";
				TEST_TARGET_NAME = TravelingMemo;
			};
			name = Debug;
		};
		FC2690AD2085A39900F1BF69 /* Release */ = {
			isa = XCBuildConfiguration;
			buildSettings = {
				ALWAYS_EMBED_SWIFT_STANDARD_LIBRARIES = YES;
				CODE_SIGN_STYLE = Automatic;
				INFOPLIST_FILE = TravelingMemoUITests/Info.plist;
				LD_RUNPATH_SEARCH_PATHS = (
					"$(inherited)",
					"@executable_path/Frameworks",
					"@loader_path/Frameworks",
				);
				PRODUCT_BUNDLE_IDENTIFIER = com.travelingkp.TravelingMemoUITests;
				PRODUCT_NAME = "$(TARGET_NAME)";
				SWIFT_VERSION = 4.0;
				TARGETED_DEVICE_FAMILY = "1,2";
				TEST_TARGET_NAME = TravelingMemo;
			};
			name = Release;
		};
/* End XCBuildConfiguration section */

/* Begin XCConfigurationList section */
		FC2690782085A39300F1BF69 /* Build configuration list for PBXProject "TravelingMemo" */ = {
			isa = XCConfigurationList;
			buildConfigurations = (
				FC2690A32085A39900F1BF69 /* Debug */,
				FC2690A42085A39900F1BF69 /* Release */,
			);
			defaultConfigurationIsVisible = 0;
			defaultConfigurationName = Release;
		};
		FC2690A52085A39900F1BF69 /* Build configuration list for PBXNativeTarget "TravelingMemo" */ = {
			isa = XCConfigurationList;
			buildConfigurations = (
				FC2690A62085A39900F1BF69 /* Debug */,
				FC2690A72085A39900F1BF69 /* Release */,
			);
			defaultConfigurationIsVisible = 0;
			defaultConfigurationName = Release;
		};
		FC2690A82085A39900F1BF69 /* Build configuration list for PBXNativeTarget "TravelingMemoTests" */ = {
			isa = XCConfigurationList;
			buildConfigurations = (
				FC2690A92085A39900F1BF69 /* Debug */,
				FC2690AA2085A39900F1BF69 /* Release */,
			);
			defaultConfigurationIsVisible = 0;
			defaultConfigurationName = Release;
		};
		FC2690AB2085A39900F1BF69 /* Build configuration list for PBXNativeTarget "TravelingMemoUITests" */ = {
			isa = XCConfigurationList;
			buildConfigurations = (
				FC2690AC2085A39900F1BF69 /* Debug */,
				FC2690AD2085A39900F1BF69 /* Release */,
			);
			defaultConfigurationIsVisible = 0;
			defaultConfigurationName = Release;
		};
/* End XCConfigurationList section */
	};
	rootObject = FC2690752085A39300F1BF69 /* Project object */;
}
